<?xml version="1.0" encoding="utf-8"?>
<Project ToolsVersion="4.0" xmlns="http://schemas.microsoft.com/developer/msbuild/2003">
  <ItemGroup>
    <ClCompile Include="main.cpp" />
    <ClCompile Include="System.cpp" />
    <ClCompile Include="Functional-Blocks\DECODER\Decoder.cpp">
      <Filter>Functional-Blocks\DECODER</Filter>
    </ClCompile>
    <ClCompile Include="Data-Handler\Event.cpp">
      <Filter>Data-Handler</Filter>
    </ClCompile>
    <ClCompile Include="Data-Handler\Instruction.cpp">
      <Filter>Data-Handler</Filter>
    </ClCompile>
    <ClCompile Include="Functional-Blocks\ADDER\Adder.cpp">
      <Filter>Functional-Blocks\ADDER</Filter>
    </ClCompile>
    <ClCompile Include="Functional-Blocks\ALU\Alu.cpp">
      <Filter>Functional-Blocks\ALU</Filter>
    </ClCompile>
    <ClCompile Include="Data-Handler\Wire.cpp">
      <Filter>Data-Handler</Filter>
    </ClCompile>
    <ClCompile Include="Data-Handler\Data.cpp">
      <Filter>Data-Handler</Filter>
    </ClCompile>
    <ClCompile Include="Functional-Blocks\MUX\Mux2to1.cpp">
      <Filter>Functional-Blocks\MUX</Filter>
    </ClCompile>
    <ClCompile Include="Functional-Blocks\MUX\Mux4to1.cpp">
      <Filter>Functional-Blocks\MUX</Filter>
    </ClCompile>
  </ItemGroup>
  <ItemGroup>
    <Filter Include="Functional-Blocks">
      <UniqueIdentifier>{c73ebde7-0981-42f5-bcf2-e958a5acfbd8}</UniqueIdentifier>
    </Filter>
    <Filter Include="Functional-Blocks\ALU">
      <UniqueIdentifier>{c5bf74ad-bd7b-4122-a5e4-5a75523b772d}</UniqueIdentifier>
    </Filter>
    <Filter Include="Functional-Blocks\MUX">
      <UniqueIdentifier>{d82897be-7224-480f-97a8-c7773d7944ca}</UniqueIdentifier>
    </Filter>
    <Filter Include="Data-Handler">
      <UniqueIdentifier>{60a47a47-0ac9-4344-bebd-795f94a2023b}</UniqueIdentifier>
    </Filter>
    <Filter Include="Functional-Blocks\DECODER">
      <UniqueIdentifier>{30ce1e77-2c26-4a50-8bce-8404535ff7b8}</UniqueIdentifier>
    </Filter>
    <Filter Include="Functional-Blocks\ADDER">
      <UniqueIdentifier>{f5775a40-6364-4bf0-ac1e-838ea88c497d}</UniqueIdentifier>
    </Filter>
  </ItemGroup>
  <ItemGroup>
    <ClInclude Include="System.h" />
    <ClInclude Include="Functional-Blocks\DECODER\Decoder.h">
      <Filter>Functional-Blocks\DECODER</Filter>
    </ClInclude>
    <ClInclude Include="Data-Handler\Event.h">
      <Filter>Data-Handler</Filter>
    </ClInclude>
    <ClInclude Include="Data-Handler\Instruction.h">
      <Filter>Data-Handler</Filter>
    </ClInclude>
    <ClInclude Include="Functional-Blocks\ADDER\Adder.h">
      <Filter>Functional-Blocks\ADDER</Filter>
    </ClInclude>
    <ClInclude Include="Functional-Blocks\ALU\Alu.h">
      <Filter>Functional-Blocks\ALU</Filter>
    </ClInclude>
    <ClInclude Include="Data-Handler\Wire.h">
      <Filter>Data-Handler</Filter>
    </ClInclude>
    <ClInclude Include="Data-Handler\Data.h">
      <Filter>Data-Handler</Filter>
    </ClInclude>
    <ClInclude Include="Functional-Blocks\MUX\Mux2to1.h">
      <Filter>Functional-Blocks\MUX</Filter>
    </ClInclude>
    <ClInclude Include="Functional-Blocks\MUX\Mux4to1.h">
      <Filter>Functional-Blocks\MUX</Filter>
    </ClInclude>
  </ItemGroup>
  <ItemGroup>
    <Text Include="CMakeLists.txt" />
  </ItemGroup>
</Project>